
Microsoft Visual Studio Solution File, Format Version 12.00
# Visual Studio Version 16
VisualStudioVersion = 16.0.30114.105
MinimumVisualStudioVersion = 10.0.40219.1
Project("{2150E333-8FDC-42A3-9474-1A3956D46DE8}") = "src", "src", "{2B5B763E-B09F-4265-9DBF-0DC5CA5FA4E8}"
EndProject
Project("{FAE04EC0-301F-11D3-BF4B-00C04F79EFBC}") = "IdentityServer", "src\IdentityServer\IdentityServer.csproj", "{6A814803-BEE1-4B1A-B4E2-B39D281E14E3}"
EndProject
Project("{FAE04EC0-301F-11D3-BF4B-00C04F79EFBC}") = "Api", "src\Api\Api.csproj", "{C58ADB2A-43A3-4465-B29A-72BF909212F4}"
EndProject
Project("{FAE04EC0-301F-11D3-BF4B-00C04F79EFBC}") = "Client", "src\Client\Client.csproj", "{DF50B150-0C48-440E-9E32-4988C9030ABC}"
EndProject
Project("{FAE04EC0-301F-11D3-BF4B-00C04F79EFBC}") = "MvcClient", "src\MvcClient\MvcClient.csproj", "{7590D630-F9B8-4158-ADD2-BE2D50976108}"
EndProject
Global
	GlobalSection(SolutionConfigurationPlatforms) = preSolution
		Debug|Any CPU = Debug|Any CPU
		Release|Any CPU = Release|Any CPU
	EndGlobalSection
	GlobalSection(SolutionProperties) = preSolution
		HideSolutionNode = FALSE
	EndGlobalSection
	GlobalSection(ProjectConfigurationPlatforms) = postSolution
		{6A814803-BEE1-4B1A-B4E2-B39D281E14E3}.Debug|Any CPU.ActiveCfg = Debug|Any CPU
		{6A814803-BEE1-4B1A-B4E2-B39D281E14E3}.Debug|Any CPU.Build.0 = Debug|Any CPU
		{6A814803-BEE1-4B1A-B4E2-B39D281E14E3}.Release|Any CPU.ActiveCfg = Release|Any CPU
		{6A814803-BEE1-4B1A-B4E2-B39D281E14E3}.Release|Any CPU.Build.0 = Release|Any CPU
		{C58ADB2A-43A3-4465-B29A-72BF909212F4}.Debug|Any CPU.ActiveCfg = Debug|Any CPU
		{C58ADB2A-43A3-4465-B29A-72BF909212F4}.Debug|Any CPU.Build.0 = Debug|Any CPU
		{C58ADB2A-43A3-4465-B29A-72BF909212F4}.Release|Any CPU.ActiveCfg = Release|Any CPU
		{C58ADB2A-43A3-4465-B29A-72BF909212F4}.Release|Any CPU.Build.0 = Release|Any CPU
		{DF50B150-0C48-440E-9E32-4988C9030ABC}.Debug|Any CPU.ActiveCfg = Debug|Any CPU
		{DF50B150-0C48-440E-9E32-4988C9030ABC}.Debug|Any CPU.Build.0 = Debug|Any CPU
		{DF50B150-0C48-440E-9E32-4988C9030ABC}.Release|Any CPU.ActiveCfg = Release|Any CPU
		{DF50B150-0C48-440E-9E32-4988C9030ABC}.Release|Any CPU.Build.0 = Release|Any CPU
		{7590D630-F9B8-4158-ADD2-BE2D50976108}.Debug|Any CPU.ActiveCfg = Debug|Any CPU
		{7590D630-F9B8-4158-ADD2-BE2D50976108}.Debug|Any CPU.Build.0 = Debug|Any CPU
		{7590D630-F9B8-4158-ADD2-BE2D50976108}.Release|Any CPU.ActiveCfg = Release|Any CPU
		{7590D630-F9B8-4158-ADD2-BE2D50976108}.Release|Any CPU.Build.0 = Release|Any CPU
	EndGlobalSection
	GlobalSection(NestedProjects) = preSolution
		{6A814803-BEE1-4B1A-B4E2-B39D281E14E3} = {2B5B763E-B09F-4265-9DBF-0DC5CA5FA4E8}
		{C58ADB2A-43A3-4465-B29A-72BF909212F4} = {2B5B763E-B09F-4265-9DBF-0DC5CA5FA4E8}
		{DF50B150-0C48-440E-9E32-4988C9030ABC} = {2B5B763E-B09F-4265-9DBF-0DC5CA5FA4E8}
		{7590D630-F9B8-4158-ADD2-BE2D50976108} = {2B5B763E-B09F-4265-9DBF-0DC5CA5FA4E8}
	EndGlobalSection
EndGlobal
